<?xml version="1.0" encoding="utf-8"?>
<Project ToolsVersion="4.0" xmlns="http://schemas.microsoft.com/developer/msbuild/2003">
  <ItemGroup>
    <Filter Include="C">
    </Filter>
    <Filter Include="CPP\7zip\Archive">
    </Filter>
    <Filter Include="CPP\7zip\Common">
    </Filter>
    <Filter Include="CPP\7zip\Compress">
    </Filter>
    <Filter Include="CPP\7zip\Crypto">
    </Filter>
    <Filter Include="CPP\Common\CRC.cpp">
    </Filter>
    <Filter Include="CPP\Common\CrcReg.cpp">
    </Filter>
    <Filter Include="CPP\Common\IntToString.cpp">
    </Filter>
    <Filter Include="CPP\Common\LzFindPrepare.cpp">
    </Filter>
    <Filter Include="CPP\Common\MyString.cpp">
    </Filter>
    <Filter Include="CPP\Common\MyVector.cpp">
    </Filter>
    <Filter Include="CPP\Common\NewHandler.cpp">
    </Filter>
    <Filter Include="CPP\Common\Sha1Prepare.cpp">
    </Filter>
    <Filter Include="CPP\Common\Sha256Prepare.cpp">
    </Filter>
    <Filter Include="CPP\Common\Sha256Reg.cpp">
    </Filter>
    <Filter Include="CPP\Common\StringConvert.cpp">
    </Filter>
    <Filter Include="CPP\Common\StringToInt.cpp">
    </Filter>
    <Filter Include="CPP\Common\UTFConvert.cpp">
    </Filter>
    <Filter Include="CPP\Common\Wildcard.cpp">
    </Filter>
    <Filter Include="CPP\Windows\FileDir.cpp">
    </Filter>
    <Filter Include="CPP\Windows\FileFind.cpp">
    </Filter>
    <Filter Include="CPP\Windows\FileIO.cpp">
    </Filter>
    <Filter Include="CPP\Windows\FileName.cpp">
    </Filter>
    <Filter Include="CPP\Windows\PropVariant.cpp">
    </Filter>
    <Filter Include="CPP\Windows\PropVariantUtils.cpp">
    </Filter>
    <Filter Include="CPP\Windows\Synchronization.cpp">
    </Filter>
    <Filter Include="CPP\Windows\System.cpp">
    </Filter>
    <Filter Include="CPP\Windows\TimeUtils.cpp">
    </Filter>
    <Filter Include="spl">
    </Filter>
  </ItemGroup>
  <ItemGroup>
    <ClCompile Include="..\..\7za\C\7zCrc.c">
      <Filter>C</Filter>
    </ClCompile>
    <ClCompile Include="..\..\7za\C\7zCrcOpt.c">
      <Filter>C</Filter>
    </ClCompile>
    <ClCompile Include="..\..\7za\C\7zStream.c">
      <Filter>C</Filter>
    </ClCompile>
    <ClCompile Include="..\..\7za\C\Aes.c">
      <Filter>C</Filter>
    </ClCompile>
    <ClCompile Include="..\..\7za\C\AesOpt.c">
      <Filter>C</Filter>
    </ClCompile>
    <ClCompile Include="..\..\7za\C\Alloc.c">
      <Filter>C</Filter>
    </ClCompile>
    <ClCompile Include="..\..\7za\C\Bcj2.c">
      <Filter>C</Filter>
    </ClCompile>
    <ClCompile Include="..\..\7za\C\Bcj2Enc.c">
      <Filter>C</Filter>
    </ClCompile>
    <ClCompile Include="..\..\7za\C\Blake2s.c">
      <Filter>C</Filter>
    </ClCompile>
    <ClCompile Include="..\..\7za\C\Bra.c">
      <Filter>C</Filter>
    </ClCompile>
    <ClCompile Include="..\..\7za\C\Bra86.c">
      <Filter>C</Filter>
    </ClCompile>
    <ClCompile Include="..\..\7za\C\BraIA64.c">
      <Filter>C</Filter>
    </ClCompile>
    <ClCompile Include="..\..\7za\C\BwtSort.c">
      <Filter>C</Filter>
    </ClCompile>
    <ClCompile Include="..\..\7za\C\CpuArch.c">
      <Filter>C</Filter>
    </ClCompile>
    <ClCompile Include="..\..\7za\C\Delta.c">
      <Filter>C</Filter>
    </ClCompile>
    <ClCompile Include="..\..\7za\C\HuffEnc.c">
      <Filter>C</Filter>
    </ClCompile>
    <ClCompile Include="..\..\7za\C\LzFind.c">
      <Filter>C</Filter>
    </ClCompile>
    <ClCompile Include="..\..\7za\C\LzFindMt.c">
      <Filter>C</Filter>
    </ClCompile>
    <ClCompile Include="..\..\7za\C\LzFindOpt.c">
      <Filter>C</Filter>
    </ClCompile>
    <ClCompile Include="..\..\7za\C\Lzma2Dec.c">
      <Filter>C</Filter>
    </ClCompile>
    <ClCompile Include="..\..\7za\C\Lzma2DecMt.c">
      <Filter>C</Filter>
    </ClCompile>
    <ClCompile Include="..\..\7za\C\Lzma2Enc.c">
      <Filter>C</Filter>
    </ClCompile>
    <ClCompile Include="..\..\7za\C\LzmaDec.c">
      <Filter>C</Filter>
    </ClCompile>
    <ClCompile Include="..\..\7za\C\LzmaEnc.c">
      <Filter>C</Filter>
    </ClCompile>
    <ClCompile Include="..\..\7za\C\MtCoder.c">
      <Filter>C</Filter>
    </ClCompile>
    <ClCompile Include="..\..\7za\C\MtDec.c">
      <Filter>C</Filter>
    </ClCompile>
    <ClCompile Include="..\..\7za\C\Ppmd7.c">
      <Filter>C</Filter>
    </ClCompile>
    <ClCompile Include="..\..\7za\C\Ppmd7aDec.c">
      <Filter>C</Filter>
    </ClCompile>
    <ClCompile Include="..\..\7za\C\Ppmd7Dec.c">
      <Filter>C</Filter>
    </ClCompile>
    <ClCompile Include="..\..\7za\C\Ppmd7Enc.c">
      <Filter>C</Filter>
    </ClCompile>
    <ClCompile Include="..\..\7za\C\Sha1.c">
      <Filter>C</Filter>
    </ClCompile>
    <ClCompile Include="..\..\7za\C\Sha1Opt.c">
      <Filter>C</Filter>
    </ClCompile>
    <ClCompile Include="..\..\7za\C\Sha256.c">
      <Filter>C</Filter>
    </ClCompile>
    <ClCompile Include="..\..\7za\C\Sha256Opt.c">
      <Filter>C</Filter>
    </ClCompile>
    <ClCompile Include="..\..\7za\C\Sort.c">
      <Filter>C</Filter>
    </ClCompile>
    <ClCompile Include="..\..\7za\C\SwapBytes.c">
      <Filter>C</Filter>
    </ClCompile>
    <ClCompile Include="..\..\7za\C\Threads.c">
      <Filter>C</Filter>
    </ClCompile>
    <ClCompile Include="..\..\7za\CPP\7zip\Archive\7z\7zCompressionMode.cpp">
      <Filter>CPP\7zip\Archive</Filter>
    </ClCompile>
    <ClCompile Include="..\..\7za\CPP\7zip\Archive\7z\7zDecode.cpp">
      <Filter>CPP\7zip\Archive</Filter>
    </ClCompile>
    <ClCompile Include="..\..\7za\CPP\7zip\Archive\7z\7zEncode.cpp">
      <Filter>CPP\7zip\Archive</Filter>
    </ClCompile>
    <ClCompile Include="..\..\7za\CPP\7zip\Archive\7z\7zExtract.cpp">
      <Filter>CPP\7zip\Archive</Filter>
    </ClCompile>
    <ClCompile Include="..\..\7za\CPP\7zip\Archive\7z\7zFolderInStream.cpp">
      <Filter>CPP\7zip\Archive</Filter>
    </ClCompile>
    <ClCompile Include="..\..\7za\CPP\7zip\Archive\7z\7zHandler.cpp">
      <Filter>CPP\7zip\Archive</Filter>
    </ClCompile>
    <ClCompile Include="..\..\7za\CPP\7zip\Archive\7z\7zHandlerOut.cpp">
      <Filter>CPP\7zip\Archive</Filter>
    </ClCompile>
    <ClCompile Include="..\..\7za\CPP\7zip\Archive\7z\7zHeader.cpp">
      <Filter>CPP\7zip\Archive</Filter>
    </ClCompile>
    <ClCompile Include="..\..\7za\CPP\7zip\Archive\7z\7zIn.cpp">
      <Filter>CPP\7zip\Archive</Filter>
    </ClCompile>
    <ClCompile Include="..\..\7za\CPP\7zip\Archive\7z\7zOut.cpp">
      <Filter>CPP\7zip\Archive</Filter>
    </ClCompile>
    <ClCompile Include="..\..\7za\CPP\7zip\Archive\7z\7zProperties.cpp">
      <Filter>CPP\7zip\Archive</Filter>
    </ClCompile>
    <ClCompile Include="..\..\7za\CPP\7zip\Archive\7z\7zRegister.cpp">
      <Filter>CPP\7zip\Archive</Filter>
    </ClCompile>
    <ClCompile Include="..\..\7za\CPP\7zip\Archive\7z\7zSpecStream.cpp">
      <Filter>CPP\7zip\Archive</Filter>
    </ClCompile>
    <ClCompile Include="..\..\7za\CPP\7zip\Archive\7z\7zUpdate.cpp">
      <Filter>CPP\7zip\Archive</Filter>
    </ClCompile>
    <ClCompile Include="..\..\7za\CPP\7zip\Archive\ArchiveExports.cpp">
      <Filter>CPP\7zip\Archive</Filter>
    </ClCompile>
    <ClCompile Include="..\..\7za\CPP\7zip\Archive\Common\CoderMixer2.cpp">
      <Filter>CPP\7zip\Archive</Filter>
    </ClCompile>
    <ClCompile Include="..\..\7za\CPP\7zip\Archive\Common\FindSignature.cpp">
      <Filter>CPP\7zip\Archive</Filter>
    </ClCompile>
    <ClCompile Include="..\..\7za\CPP\7zip\Archive\Common\HandlerOut.cpp">
      <Filter>CPP\7zip\Archive</Filter>
    </ClCompile>
    <ClCompile Include="..\..\7za\CPP\7zip\Archive\Common\InStreamWithCRC.cpp">
      <Filter>CPP\7zip\Archive</Filter>
    </ClCompile>
    <ClCompile Include="..\..\7za\CPP\7zip\Archive\Common\ItemNameUtils.cpp">
      <Filter>CPP\7zip\Archive</Filter>
    </ClCompile>
    <ClCompile Include="..\..\7za\CPP\7zip\Archive\Common\OutStreamWithCRC.cpp">
      <Filter>CPP\7zip\Archive</Filter>
    </ClCompile>
    <ClCompile Include="..\..\7za\CPP\7zip\Archive\Common\ParseProperties.cpp">
      <Filter>CPP\7zip\Archive</Filter>
    </ClCompile>
    <ClCompile Include="..\..\7za\CPP\7zip\Archive\DllExports2.cpp">
      <Filter>CPP\7zip\Archive</Filter>
    </ClCompile>
    <ClCompile Include="..\..\7za\CPP\7zip\Archive\Rar\Rar5Handler.cpp">
      <Filter>CPP\7zip\Archive</Filter>
    </ClCompile>
    <ClCompile Include="..\..\7za\CPP\7zip\Archive\Rar\RarHandler.cpp">
      <Filter>CPP\7zip\Archive</Filter>
    </ClCompile>
    <ClCompile Include="..\..\7za\CPP\7zip\Common\CreateCoder.cpp">
      <Filter>CPP\7zip\Common</Filter>
    </ClCompile>
    <ClCompile Include="..\..\7za\CPP\7zip\Common\CWrappers.cpp">
      <Filter>CPP\7zip\Common</Filter>
    </ClCompile>
    <ClCompile Include="..\..\7za\CPP\7zip\Common\FilterCoder.cpp">
      <Filter>CPP\7zip\Common</Filter>
    </ClCompile>
    <ClCompile Include="..\..\7za\CPP\7zip\Common\InBuffer.cpp">
      <Filter>CPP\7zip\Common</Filter>
    </ClCompile>
    <ClCompile Include="..\..\7za\CPP\7zip\Common\InOutTempBuffer.cpp">
      <Filter>CPP\7zip\Common</Filter>
    </ClCompile>
    <ClCompile Include="..\..\7za\CPP\7zip\Common\LimitedStreams.cpp">
      <Filter>CPP\7zip\Common</Filter>
    </ClCompile>
    <ClCompile Include="..\..\7za\CPP\7zip\Common\MethodId.cpp">
      <Filter>CPP\7zip\Common</Filter>
    </ClCompile>
    <ClCompile Include="..\..\7za\CPP\7zip\Common\MethodProps.cpp">
      <Filter>CPP\7zip\Common</Filter>
    </ClCompile>
    <ClCompile Include="..\..\7za\CPP\7zip\Common\OutBuffer.cpp">
      <Filter>CPP\7zip\Common</Filter>
    </ClCompile>
    <ClCompile Include="..\..\7za\CPP\7zip\Common\ProgressUtils.cpp">
      <Filter>CPP\7zip\Common</Filter>
    </ClCompile>
    <ClCompile Include="..\..\7za\CPP\7zip\Common\PropId.cpp">
      <Filter>CPP\7zip\Common</Filter>
    </ClCompile>
    <ClCompile Include="..\..\7za\CPP\7zip\Common\StreamBinder.cpp">
      <Filter>CPP\7zip\Common</Filter>
    </ClCompile>
    <ClCompile Include="..\..\7za\CPP\7zip\Common\StreamObjects.cpp">
      <Filter>CPP\7zip\Common</Filter>
    </ClCompile>
    <ClCompile Include="..\..\7za\CPP\7zip\Common\StreamUtils.cpp">
      <Filter>CPP\7zip\Common</Filter>
    </ClCompile>
    <ClCompile Include="..\..\7za\CPP\7zip\Common\UniqBlocks.cpp">
      <Filter>CPP\7zip\Common</Filter>
    </ClCompile>
    <ClCompile Include="..\..\7za\CPP\7zip\Common\VirtThread.cpp">
      <Filter>CPP\7zip\Common</Filter>
    </ClCompile>
    <ClCompile Include="..\..\7za\CPP\7zip\Compress\Bcj2Coder.cpp">
      <Filter>CPP\7zip\Compress</Filter>
    </ClCompile>
    <ClCompile Include="..\..\7za\CPP\7zip\Compress\Bcj2Register.cpp">
      <Filter>CPP\7zip\Compress</Filter>
    </ClCompile>
    <ClCompile Include="..\..\7za\CPP\7zip\Compress\BcjCoder.cpp">
      <Filter>CPP\7zip\Compress</Filter>
    </ClCompile>
    <ClCompile Include="..\..\7za\CPP\7zip\Compress\BcjRegister.cpp">
      <Filter>CPP\7zip\Compress</Filter>
    </ClCompile>
    <ClCompile Include="..\..\7za\CPP\7zip\Compress\BitlDecoder.cpp">
      <Filter>CPP\7zip\Compress</Filter>
    </ClCompile>
    <ClCompile Include="..\..\7za\CPP\7zip\Compress\BranchMisc.cpp">
      <Filter>CPP\7zip\Compress</Filter>
    </ClCompile>
    <ClCompile Include="..\..\7za\CPP\7zip\Compress\BranchRegister.cpp">
      <Filter>CPP\7zip\Compress</Filter>
    </ClCompile>
    <ClCompile Include="..\..\7za\CPP\7zip\Compress\ByteSwap.cpp">
      <Filter>CPP\7zip\Compress</Filter>
    </ClCompile>
    <ClCompile Include="..\..\7za\CPP\7zip\Compress\BZip2Crc.cpp">
      <Filter>CPP\7zip\Compress</Filter>
    </ClCompile>
    <ClCompile Include="..\..\7za\CPP\7zip\Compress\BZip2Decoder.cpp">
      <Filter>CPP\7zip\Compress</Filter>
    </ClCompile>
    <ClCompile Include="..\..\7za\CPP\7zip\Compress\BZip2Register.cpp">
      <Filter>CPP\7zip\Compress</Filter>
    </ClCompile>
    <ClCompile Include="..\..\7za\CPP\7zip\Compress\CodecExports.cpp">
      <Filter>CPP\7zip\Compress</Filter>
    </ClCompile>
    <ClCompile Include="..\..\7za\CPP\7zip\Compress\CopyCoder.cpp">
      <Filter>CPP\7zip\Compress</Filter>
    </ClCompile>
    <ClCompile Include="..\..\7za\CPP\7zip\Compress\CopyRegister.cpp">
      <Filter>CPP\7zip\Compress</Filter>
    </ClCompile>
    <ClCompile Include="..\..\7za\CPP\7zip\Compress\DeflateDecoder.cpp">
      <Filter>CPP\7zip\Compress</Filter>
    </ClCompile>
    <ClCompile Include="..\..\7za\CPP\7zip\Compress\DeflateRegister.cpp">
      <Filter>CPP\7zip\Compress</Filter>
    </ClCompile>
    <ClCompile Include="..\..\7za\CPP\7zip\Compress\DeltaFilter.cpp">
      <Filter>CPP\7zip\Compress</Filter>
    </ClCompile>
    <ClCompile Include="..\..\7za\CPP\7zip\Compress\Lzma2Decoder.cpp">
      <Filter>CPP\7zip\Compress</Filter>
    </ClCompile>
    <ClCompile Include="..\..\7za\CPP\7zip\Compress\Lzma2Encoder.cpp">
      <Filter>CPP\7zip\Compress</Filter>
    </ClCompile>
    <ClCompile Include="..\..\7za\CPP\7zip\Compress\Lzma2Register.cpp">
      <Filter>CPP\7zip\Compress</Filter>
    </ClCompile>
    <ClCompile Include="..\..\7za\CPP\7zip\Compress\LzmaDecoder.cpp">
      <Filter>CPP\7zip\Compress</Filter>
    </ClCompile>
    <ClCompile Include="..\..\7za\CPP\7zip\Compress\LzmaEncoder.cpp">
      <Filter>CPP\7zip\Compress</Filter>
    </ClCompile>
    <ClCompile Include="..\..\7za\CPP\7zip\Compress\LzmaRegister.cpp">
      <Filter>CPP\7zip\Compress</Filter>
    </ClCompile>
    <ClCompile Include="..\..\7za\CPP\7zip\Compress\LzOutWindow.cpp">
      <Filter>CPP\7zip\Compress</Filter>
    </ClCompile>
    <ClCompile Include="..\..\7za\CPP\7zip\Compress\PpmdDecoder.cpp">
      <Filter>CPP\7zip\Compress</Filter>
    </ClCompile>
    <ClCompile Include="..\..\7za\CPP\7zip\Compress\PpmdEncoder.cpp">
      <Filter>CPP\7zip\Compress</Filter>
    </ClCompile>
    <ClCompile Include="..\..\7za\CPP\7zip\Compress\PpmdRegister.cpp">
      <Filter>CPP\7zip\Compress</Filter>
    </ClCompile>
    <ClCompile Include="..\..\7za\CPP\7zip\Compress\Rar1Decoder.cpp">
      <Filter>CPP\7zip\Compress</Filter>
    </ClCompile>
    <ClCompile Include="..\..\7za\CPP\7zip\Compress\Rar2Decoder.cpp">
      <Filter>CPP\7zip\Compress</Filter>
    </ClCompile>
    <ClCompile Include="..\..\7za\CPP\7zip\Compress\Rar3Decoder.cpp">
      <Filter>CPP\7zip\Compress</Filter>
    </ClCompile>
    <ClCompile Include="..\..\7za\CPP\7zip\Compress\Rar3Vm.cpp">
      <Filter>CPP\7zip\Compress</Filter>
    </ClCompile>
    <ClCompile Include="..\..\7za\CPP\7zip\Compress\Rar5Decoder.cpp">
      <Filter>CPP\7zip\Compress</Filter>
    </ClCompile>
    <ClCompile Include="..\..\7za\CPP\7zip\Compress\RarCodecsRegister.cpp">
      <Filter>CPP\7zip\Compress</Filter>
    </ClCompile>
    <ClCompile Include="..\..\7za\CPP\7zip\Crypto\7zAes.cpp">
      <Filter>CPP\7zip\Crypto</Filter>
    </ClCompile>
    <ClCompile Include="..\..\7za\CPP\7zip\Crypto\7zAesRegister.cpp">
      <Filter>CPP\7zip\Crypto</Filter>
    </ClCompile>
    <ClCompile Include="..\..\7za\CPP\7zip\Crypto\HmacSha256.cpp">
      <Filter>CPP\7zip\Crypto</Filter>
    </ClCompile>
    <ClCompile Include="..\..\7za\CPP\7zip\Crypto\MyAes.cpp">
      <Filter>CPP\7zip\Crypto</Filter>
    </ClCompile>
    <ClCompile Include="..\..\7za\CPP\7zip\Crypto\MyAesReg.cpp">
      <Filter>CPP\7zip\Crypto</Filter>
    </ClCompile>
    <ClCompile Include="..\..\7za\CPP\7zip\Crypto\RandGen.cpp">
      <Filter>CPP\7zip\Crypto</Filter>
    </ClCompile>
    <ClCompile Include="..\..\7za\CPP\7zip\Crypto\Rar20Crypto.cpp">
      <Filter>CPP\7zip\Crypto</Filter>
    </ClCompile>
    <ClCompile Include="..\..\7za\CPP\7zip\Crypto\Rar5Aes.cpp">
      <Filter>CPP\7zip\Crypto</Filter>
    </ClCompile>
    <ClCompile Include="..\..\7za\CPP\7zip\Crypto\RarAes.cpp">
      <Filter>CPP\7zip\Crypto</Filter>
    </ClCompile>
    <ClCompile Include="..\..\7za\CPP\Common\CRC.cpp">
      <Filter>CPP\Common\CRC.cpp</Filter>
    </ClCompile>
    <ClCompile Include="..\..\7za\CPP\Common\CrcReg.cpp">
      <Filter>CPP\Common\CrcReg.cpp</Filter>
    </ClCompile>
    <ClCompile Include="..\..\7za\CPP\Common\IntToString.cpp">
      <Filter>CPP\Common\IntToString.cpp</Filter>
    </ClCompile>
    <ClCompile Include="..\..\7za\CPP\Common\LzFindPrepare.cpp">
      <Filter>CPP\Common\LzFindPrepare.cpp</Filter>
    </ClCompile>
    <ClCompile Include="..\..\7za\CPP\Common\MyString.cpp">
      <Filter>CPP\Common\MyString.cpp</Filter>
    </ClCompile>
    <ClCompile Include="..\..\7za\CPP\Common\MyVector.cpp">
      <Filter>CPP\Common\MyVector.cpp</Filter>
    </ClCompile>
    <ClCompile Include="..\..\7za\CPP\Common\NewHandler.cpp">
      <Filter>CPP\Common\NewHandler.cpp</Filter>
    </ClCompile>
    <ClCompile Include="..\..\7za\CPP\Common\Sha1Prepare.cpp">
      <Filter>CPP\Common\Sha1Prepare.cpp</Filter>
    </ClCompile>
    <ClCompile Include="..\..\7za\CPP\Common\Sha256Prepare.cpp">
      <Filter>CPP\Common\Sha256Prepare.cpp</Filter>
    </ClCompile>
    <ClCompile Include="..\..\7za\CPP\Common\Sha256Reg.cpp">
      <Filter>CPP\Common\Sha256Reg.cpp</Filter>
    </ClCompile>
    <ClCompile Include="..\..\7za\CPP\Common\StringConvert.cpp">
      <Filter>CPP\Common\StringConvert.cpp</Filter>
    </ClCompile>
    <ClCompile Include="..\..\7za\CPP\Common\StringToInt.cpp">
      <Filter>CPP\Common\StringToInt.cpp</Filter>
    </ClCompile>
    <ClCompile Include="..\..\7za\CPP\Common\UTFConvert.cpp">
      <Filter>CPP\Common\UTFConvert.cpp</Filter>
    </ClCompile>
    <ClCompile Include="..\..\7za\CPP\Common\Wildcard.cpp">
      <Filter>CPP\Common\Wildcard.cpp</Filter>
    </ClCompile>
    <ClCompile Include="..\..\7za\CPP\Windows\FileDir.cpp">
      <Filter>CPP\Windows\FileDir.cpp</Filter>
    </ClCompile>
    <ClCompile Include="..\..\7za\CPP\Windows\FileFind.cpp">
      <Filter>CPP\Windows\FileFind.cpp</Filter>
    </ClCompile>
    <ClCompile Include="..\..\7za\CPP\Windows\FileIO.cpp">
      <Filter>CPP\Windows\FileIO.cpp</Filter>
    </ClCompile>
    <ClCompile Include="..\..\7za\CPP\Windows\FileName.cpp">
      <Filter>CPP\Windows\FileName.cpp</Filter>
    </ClCompile>
    <ClCompile Include="..\..\7za\CPP\Windows\PropVariant.cpp">
      <Filter>CPP\Windows\PropVariant.cpp</Filter>
    </ClCompile>
    <ClCompile Include="..\..\7za\CPP\Windows\PropVariantUtils.cpp">
      <Filter>CPP\Windows\PropVariantUtils.cpp</Filter>
    </ClCompile>
    <ClCompile Include="..\..\7za\CPP\Windows\Synchronization.cpp">
      <Filter>CPP\Windows\Synchronization.cpp</Filter>
    </ClCompile>
    <ClCompile Include="..\..\7za\CPP\Windows\System.cpp">
      <Filter>CPP\Windows\System.cpp</Filter>
    </ClCompile>
    <ClCompile Include="..\..\7za\CPP\Windows\TimeUtils.cpp">
      <Filter>CPP\Windows\TimeUtils.cpp</Filter>
    </ClCompile>
    <ClCompile Include="..\..\7za\spl\splthread.c">
      <Filter>spl</Filter>
    </ClCompile>
  </ItemGroup>
</Project>
